
Microsoft Visual Studio Solution File, Format Version 12.00
# Visual Studio Version 17
VisualStudioVersion = 17.1.32210.238
MinimumVisualStudioVersion = 10.0.40219.1
Project("{FAE04EC0-301F-11D3-BF4B-00C04F79EFBC}") = "task1", "task1\task1.csproj", "{95B09DDF-91BF-416E-BE84-ACDC78B7A329}"
EndProject
Project("{FAE04EC0-301F-11D3-BF4B-00C04F79EFBC}") = "task2", "task2\task2.csproj", "{5F4444B6-7D12-45A5-BC52-249EF5C3A462}"
EndProject
Global
	GlobalSection(SolutionConfigurationPlatforms) = preSolution
		Debug|Any CPU = Debug|Any CPU
		Release|Any CPU = Release|Any CPU
	EndGlobalSection
	GlobalSection(ProjectConfigurationPlatforms) = postSolution
		{95B09DDF-91BF-416E-BE84-ACDC78B7A329}.Debug|Any CPU.ActiveCfg = Debug|Any CPU
		{95B09DDF-91BF-416E-BE84-ACDC78B7A329}.Debug|Any CPU.Build.0 = Debug|Any CPU
		{95B09DDF-91BF-416E-BE84-ACDC78B7A329}.Release|Any CPU.ActiveCfg = Release|Any CPU
		{95B09DDF-91BF-416E-BE84-ACDC78B7A329}.Release|Any CPU.Build.0 = Release|Any CPU
		{5F4444B6-7D12-45A5-BC52-249EF5C3A462}.Debug|Any CPU.ActiveCfg = Debug|Any CPU
		{5F4444B6-7D12-45A5-BC52-249EF5C3A462}.Debug|Any CPU.Build.0 = Debug|Any CPU
		{5F4444B6-7D12-45A5-BC52-249EF5C3A462}.Release|Any CPU.ActiveCfg = Release|Any CPU
		{5F4444B6-7D12-45A5-BC52-249EF5C3A462}.Release|Any CPU.Build.0 = Release|Any CPU
	EndGlobalSection
	GlobalSection(SolutionProperties) = preSolution
		HideSolutionNode = FALSE
	EndGlobalSection
	GlobalSection(ExtensibilityGlobals) = postSolution
		SolutionGuid = {55103538-C0C6-461C-8B59-C85BD3C566C2}
	EndGlobalSection
EndGlobal
